// !$*UTF8*$!
{
	archiveVersion = 1;
	classes = {
	};
	objectVersion = 50;
	objects = {

/* Begin PBXBuildFile section */
		F33150B7215C7FFD00C92C3C /* AppDelegate.m in Sources */ = {isa = PBXBuildFile; fileRef = F33150B6215C7FFD00C92C3C /* AppDelegate.m */; };
		F33150BA215C7FFD00C92C3C /* ViewController.m in Sources */ = {isa = PBXBuildFile; fileRef = F33150B9215C7FFD00C92C3C /* ViewController.m */; };
		F33150BD215C7FFD00C92C3C /* Main.storyboard in Resources */ = {isa = PBXBuildFile; fileRef = F33150BB215C7FFD00C92C3C /* Main.storyboard */; };
		F33150BF215C800600C92C3C /* Assets.xcassets in Resources */ = {isa = PBXBuildFile; fileRef = F33150BE215C800600C92C3C /* Assets.xcassets */; };
		F33150C2215C800600C92C3C /* LaunchScreen.storyboard in Resources */ = {isa = PBXBuildFile; fileRef = F33150C0215C800600C92C3C /* LaunchScreen.storyboard */; };
		F33150C5215C800600C92C3C /* main.m in Sources */ = {isa = PBXBuildFile; fileRef = F33150C4215C800600C92C3C /* main.m */; };
		F33150CF215C800600C92C3C /* MainProjectTests.m in Sources */ = {isa = PBXBuildFile; fileRef = F33150CE215C800600C92C3C /* MainProjectTests.m */; };
		F33150DA215C800600C92C3C /* MainProjectUITests.m in Sources */ = {isa = PBXBuildFile; fileRef = F33150D9215C800600C92C3C /* MainProjectUITests.m */; };
/* End PBXBuildFile section */

/* Begin PBXContainerItemProxy section */
		F33150CB215C800600C92C3C /* PBXContainerItemProxy */ = {
			isa = PBXContainerItemProxy;
			containerPortal = F33150AA215C7FFD00C92C3C /* Project object */;
			proxyType = 1;
			remoteGlobalIDString = F33150B1215C7FFD00C92C3C;
			remoteInfo = MainProject;
		};
		F33150D6215C800600C92C3C /* PBXContainerItemProxy */ = {
			isa = PBXContainerItemProxy;
			containerPortal = F33150AA215C7FFD00C92C3C /* Project object */;
			proxyType = 1;
			remoteGlobalIDString = F33150B1215C7FFD00C92C3C;
			remoteInfo = MainProject;
		};
/* End PBXContainerItemProxy section */

/* Begin PBXFileReference section */
		F33150B2215C7FFD00C92C3C /* MainProject.app */ = {isa = PBXFileReference; explicitFileType = wrapper.application; includeInIndex = 0; path = MainProject.app; sourceTree = BUILT_PRODUCTS_DIR; };
		F33150B5215C7FFD00C92C3C /* AppDelegate.h */ = {isa = PBXFileReference; lastKnownFileType = sourcecode.c.h; path = AppDelegate.h; sourceTree = "<group>"; };
		F33150B6215C7FFD00C92C3C /* AppDelegate.m */ = {isa = PBXFileReference; lastKnownFileType = sourcecode.c.objc; path = AppDelegate.m; sourceTree = "<group>"; };
		F33150B8215C7FFD00C92C3C /* ViewController.h */ = {isa = PBXFileReference; lastKnownFileType = sourcecode.c.h; path = ViewController.h; sourceTree = "<group>"; };
		F33150B9215C7FFD00C92C3C /* ViewController.m */ = {isa = PBXFileReference; lastKnownFileType = sourcecode.c.objc; path = ViewController.m; sourceTree = "<group>"; };
		F33150BC215C7FFD00C92C3C /* Base */ = {isa = PBXFileReference; lastKnownFileType = file.storyboard; name = Base; path = Base.lproj/Main.storyboard; sourceTree = "<group>"; };
		F33150BE215C800600C92C3C /* Assets.xcassets */ = {isa = PBXFileReference; lastKnownFileType = folder.assetcatalog; path = Assets.xcassets; sourceTree = "<group>"; };
		F33150C1215C800600C92C3C /* Base */ = {isa = PBXFileReference; lastKnownFileType = file.storyboard; name = Base; path = Base.lproj/LaunchScreen.storyboard; sourceTree = "<group>"; };
		F33150C3215C800600C92C3C /* Info.plist */ = {isa = PBXFileReference; lastKnownFileType = text.plist.xml; path = Info.plist; sourceTree = "<group>"; };
		F33150C4215C800600C92C3C /* main.m */ = {isa = PBXFileReference; lastKnownFileType = sourcecode.c.objc; path = main.m; sourceTree = "<group>"; };
		F33150CA215C800600C92C3C /* MainProjectTests.xctest */ = {isa = PBXFileReference; explicitFileType = wrapper.cfbundle; includeInIndex = 0; path = MainProjectTests.xctest; sourceTree = BUILT_PRODUCTS_DIR; };
		F33150CE215C800600C92C3C /* MainProjectTests.m */ = {isa = PBXFileReference; lastKnownFileType = sourcecode.c.objc; path = MainProjectTests.m; sourceTree = "<group>"; };
		F33150D0215C800600C92C3C /* Info.plist */ = {isa = PBXFileReference; lastKnownFileType = text.plist.xml; path = Info.plist; sourceTree = "<group>"; };
		F33150D5215C800600C92C3C /* MainProjectUITests.xctest */ = {isa = PBXFileReference; explicitFileType = wrapper.cfbundle; includeInIndex = 0; path = MainProjectUITests.xctest; sourceTree = BUILT_PRODUCTS_DIR; };
		F33150D9215C800600C92C3C /* MainProjectUITests.m */ = {isa = PBXFileReference; lastKnownFileType = sourcecode.c.objc; path = MainProjectUITests.m; sourceTree = "<group>"; };
		F33150DB215C800600C92C3C /* Info.plist */ = {isa = PBXFileReference; lastKnownFileType = text.plist.xml; path = Info.plist; sourceTree = "<group>"; };
/* End PBXFileReference section */

/* Begin PBXFrameworksBuildPhase section */
		F33150AF215C7FFD00C92C3C /* Frameworks */ = {
			isa = PBXFrameworksBuildPhase;
			buildActionMask = 2147483647;
			files = (
			);
			runOnlyForDeploymentPostprocessing = 0;
		};
		F33150C7215C800600C92C3C /* Frameworks */ = {
			isa = PBXFrameworksBuildPhase;
			buildActionMask = 2147483647;
			files = (
			);
			runOnlyForDeploymentPostprocessing = 0;
		};
		F33150D2215C800600C92C3C /* Frameworks */ = {
			isa = PBXFrameworksBuildPhase;
			buildActionMask = 2147483647;
			files = (
			);
			runOnlyForDeploymentPostprocessing = 0;
		};
/* End PBXFrameworksBuildPhase section */

/* Begin PBXGroup section */
		F33150A9215C7FFD00C92C3C = {
			isa = PBXGroup;
			children = (
				F33150B4215C7FFD00C92C3C /* MainProject */,
				F33150CD215C800600C92C3C /* MainProjectTests */,
				F33150D8215C800600C92C3C /* MainProjectUITests */,
				F33150B3215C7FFD00C92C3C /* Products */,
			);
			sourceTree = "<group>";
		};
		F33150B3215C7FFD00C92C3C /* Products */ = {
			isa = PBXGroup;
			children = (
				F33150B2215C7FFD00C92C3C /* MainProject.app */,
				F33150CA215C800600C92C3C /* MainProjectTests.xctest */,
				F33150D5215C800600C92C3C /* MainProjectUITests.xctest */,
			);
			name = Products;
			sourceTree = "<group>";
		};
		F33150B4215C7FFD00C92C3C /* MainProject */ = {
			isa = PBXGroup;
			children = (
				F33150B5215C7FFD00C92C3C /* AppDelegate.h */,
				F33150B6215C7FFD00C92C3C /* AppDelegate.m */,
				F33150B8215C7FFD00C92C3C /* ViewController.h */,
				F33150B9215C7FFD00C92C3C /* ViewController.m */,
				F33150BB215C7FFD00C92C3C /* Main.storyboard */,
				F33150BE215C800600C92C3C /* Assets.xcassets */,
				F33150C0215C800600C92C3C /* LaunchScreen.storyboard */,
				F33150C3215C800600C92C3C /* Info.plist */,
				F33150C4215C800600C92C3C /* main.m */,
			);
			path = MainProject;
			sourceTree = "<group>";
		};
		F33150CD215C800600C92C3C /* MainProjectTests */ = {
			isa = PBXGroup;
			children = (
				F33150CE215C800600C92C3C /* MainProjectTests.m */,
				F33150D0215C800600C92C3C /* Info.plist */,
			);
			path = MainProjectTests;
			sourceTree = "<group>";
		};
		F33150D8215C800600C92C3C /* MainProjectUITests */ = {
			isa = PBXGroup;
			children = (
				F33150D9215C800600C92C3C /* MainProjectUITests.m */,
				F33150DB215C800600C92C3C /* Info.plist */,
			);
			path = MainProjectUITests;
			sourceTree = "<group>";
		};
/* End PBXGroup section */

/* Begin PBXNativeTarget section */
		F33150B1215C7FFD00C92C3C /* MainProject */ = {
			isa = PBXNativeTarget;
			buildConfigurationList = F33150DE215C800600C92C3C /* Build configuration list for PBXNativeTarget "MainProject" */;
			buildPhases = (
				F33150AE215C7FFD00C92C3C /* Sources */,
				F33150AF215C7FFD00C92C3C /* Frameworks */,
				F33150B0215C7FFD00C92C3C /* Resources */,
			);
			buildRules = (
			);
			dependencies = (
			);
			name = MainProject;
			productName = MainProject;
			productReference = F33150B2215C7FFD00C92C3C /* MainProject.app */;
			productType = "com.apple.product-type.application";
		};
		F33150C9215C800600C92C3C /* MainProjectTests */ = {
			isa = PBXNativeTarget;
			buildConfigurationList = F33150E1215C800600C92C3C /* Build configuration list for PBXNativeTarget "MainProjectTests" */;
			buildPhases = (
				F33150C6215C800600C92C3C /* Sources */,
				F33150C7215C800600C92C3C /* Frameworks */,
				F33150C8215C800600C92C3C /* Resources */,
			);
			buildRules = (
			);
			dependencies = (
				F33150CC215C800600C92C3C /* PBXTargetDependency */,
			);
			name = MainProjectTests;
			productName = MainProjectTests;
			productReference = F33150CA215C800600C92C3C /* MainProjectTests.xctest */;
			productType = "com.apple.product-type.bundle.unit-test";
		};
		F33150D4215C800600C92C3C /* MainProjectUITests */ = {
			isa = PBXNativeTarget;
			buildConfigurationList = F33150E4215C800600C92C3C /* Build configuration list for PBXNativeTarget "MainProjectUITests" */;
			buildPhases = (
				F33150D1215C800600C92C3C /* Sources */,
				F33150D2215C800600C92C3C /* Frameworks */,
				F33150D3215C800600C92C3C /* Resources */,
			);
			buildRules = (
			);
			dependencies = (
				F33150D7215C800600C92C3C /* PBXTargetDependency */,
			);
			name = MainProjectUITests;
			productName = MainProjectUITests;
			productReference = F33150D5215C800600C92C3C /* MainProjectUITests.xctest */;
			productType = "com.apple.product-type.bundle.ui-testing";
		};
/* End PBXNativeTarget section */

/* Begin PBXProject section */
		F33150AA215C7FFD00C92C3C /* Project object */ = {
			isa = PBXProject;
			attributes = {
				LastUpgradeCheck = 1000;
				ORGANIZATIONNAME = "WENLONG Inc.";
				TargetAttributes = {
					F33150B1215C7FFD00C92C3C = {
						CreatedOnToolsVersion = 10.0;
					};
					F33150C9215C800600C92C3C = {
						CreatedOnToolsVersion = 10.0;
						TestTargetID = F33150B1215C7FFD00C92C3C;
					};
					F33150D4215C800600C92C3C = {
						CreatedOnToolsVersion = 10.0;
						TestTargetID = F33150B1215C7FFD00C92C3C;
					};
				};
			};
			buildConfigurationList = F33150AD215C7FFD00C92C3C /* Build configuration list for PBXProject "MainProject" */;
			compatibilityVersion = "Xcode 9.3";
			developmentRegion = en;
			hasScannedForEncodings = 0;
			knownRegions = (
				en,
				Base,
			);
			mainGroup = F33150A9215C7FFD00C92C3C;
			productRefGroup = F33150B3215C7FFD00C92C3C /* Products */;
			projectDirPath = "";
			projectRoot = "";
			targets = (
				F33150B1215C7FFD00C92C3C /* MainProject */,
				F33150C9215C800600C92C3C /* MainProjectTests */,
				F33150D4215C800600C92C3C /* MainProjectUITests */,
			);
		};
/* End PBXProject section */

/* Begin PBXResourcesBuildPhase section */
		F33150B0215C7FFD00C92C3C /* Resources */ = {
			isa = PBXResourcesBuildPhase;
			buildActionMask = 2147483647;
			files = (
				F33150C2215C800600C92C3C /* LaunchScreen.storyboard in Resources */,
				F33150BF215C800600C92C3C /* Assets.xcassets in Resources */,
				F33150BD215C7FFD00C92C3C /* Main.storyboard in Resources */,
			);
			runOnlyForDeploymentPostprocessing = 0;
		};
		F33150C8215C800600C92C3C /* Resources */ = {
			isa = PBXResourcesBuildPhase;
			buildActionMask = 2147483647;
			files = (
			);
			runOnlyForDeploymentPostprocessing = 0;
		};
		F33150D3215C800600C92C3C /* Resources */ = {
			isa = PBXResourcesBuildPhase;
			buildActionMask = 2147483647;
			files = (
			);
			runOnlyForDeploymentPostprocessing = 0;
		};
/* End PBXResourcesBuildPhase section */

/* Begin PBXSourcesBuildPhase section */
		F33150AE215C7FFD00C92C3C /* Sources */ = {
			isa = PBXSourcesBuildPhase;
			buildActionMask = 2147483647;
			files = (
				F33150BA215C7FFD00C92C3C /* ViewController.m in Sources */,
				F33150C5215C800600C92C3C /* main.m in Sources */,
				F33150B7215C7FFD00C92C3C /* AppDelegate.m in Sources */,
			);
			runOnlyForDeploymentPostprocessing = 0;
		};
		F33150C6215C800600C92C3C /* Sources */ = {
			isa = PBXSourcesBuildPhase;
			buildActionMask = 2147483647;
			files = (
				F33150CF215C800600C92C3C /* MainProjectTests.m in Sources */,
			);
			runOnlyForDeploymentPostprocessing = 0;
		};
		F33150D1215C800600C92C3C /* Sources */ = {
			isa = PBXSourcesBuildPhase;
			buildActionMask = 2147483647;
			files = (
				F33150DA215C800600C92C3C /* MainProjectUITests.m in Sources */,
			);
			runOnlyForDeploymentPostprocessing = 0;
		};
/* End PBXSourcesBuildPhase section */

/* Begin PBXTargetDependency section */
		F33150CC215C800600C92C3C /* PBXTargetDependency */ = {
			isa = PBXTargetDependency;
			target = F33150B1215C7FFD00C92C3C /* MainProject */;
			targetProxy = F33150CB215C800600C92C3C /* PBXContainerItemProxy */;
		};
		F33150D7215C800600C92C3C /* PBXTargetDependency */ = {
			isa = PBXTargetDependency;
			target = F33150B1215C7FFD00C92C3C /* MainProject */;
			targetProxy = F33150D6215C800600C92C3C /* PBXContainerItemProxy */;
		};
/* End PBXTargetDependency section */

/* Begin PBXVariantGroup section */
		F33150BB215C7FFD00C92C3C /* Main.storyboard */ = {
			isa = PBXVariantGroup;
			children = (
				F33150BC215C7FFD00C92C3C /* Base */,
			);
			name = Main.storyboard;
			sourceTree = "<group>";
		};
		F33150C0215C800600C92C3C /* LaunchScreen.storyboard */ = {
			isa = PBXVariantGroup;
			children = (
				F33150C1215C800600C92C3C /* Base */,
			);
			name = LaunchScreen.storyboard;
			sourceTree = "<group>";
		};
/* End PBXVariantGroup section */

/* Begin XCBuildConfiguration section */
		F33150DC215C800600C92C3C /* Debug */ = {
			isa = XCBuildConfiguration;
			buildSettings = {
				ALWAYS_SEARCH_USER_PATHS = NO;
				CLANG_ANALYZER_NONNULL = YES;
				CLANG_ANALYZER_NUMBER_OBJECT_CONVERSION = YES_AGGRESSIVE;
				CLANG_CXX_LANGUAGE_STANDARD = "gnu++14";
				CLANG_CXX_LIBRARY = "libc++";
				CLANG_ENABLE_MODULES = YES;
				CLANG_ENABLE_OBJC_ARC = YES;
				CLANG_ENABLE_OBJC_WEAK = YES;
				CLANG_WARN_BLOCK_CAPTURE_AUTORELEASING = YES;
				CLANG_WARN_BOOL_CONVERSION = YES;
				CLANG_WARN_COMMA = YES;
				CLANG_WARN_CONSTANT_CONVERSION = YES;
				CLANG_WARN_DEPRECATED_OBJC_IMPLEMENTATIONS = YES;
				CLANG_WARN_DIRECT_OBJC_ISA_USAGE = YES_ERROR;
				CLANG_WARN_DOCUMENTATION_COMMENTS = YES;
				CLANG_WARN_EMPTY_BODY = YES;
				CLANG_WARN_ENUM_CONVERSION = YES;
				CLANG_WARN_INFINITE_RECURSION = YES;
				CLANG_WARN_INT_CONVERSION = YES;
				CLANG_WARN_NON_LITERAL_NULL_CONVERSION = YES;
				CLANG_WARN_OBJC_IMPLICIT_RETAIN_SELF = YES;
				CLANG_WARN_OBJC_LITERAL_CONVERSION = YES;
				CLANG_WARN_OBJC_ROOT_CLASS = YES_ERROR;
				CLANG_WARN_RANGE_LOOP_ANALYSIS = YES;
				CLANG_WARN_STRICT_PROTOTYPES = YES;
				CLANG_WARN_SUSPICIOUS_MOVE = YES;
				CLANG_WARN_UNGUARDED_AVAILABILITY = YES_AGGRESSIVE;
				CLANG_WARN_UNREACHABLE_CODE = YES;
				CLANG_WARN__DUPLICATE_METHOD_MATCH = YES;
				CODE_SIGN_IDENTITY = "iPhone Developer";
				COPY_PHASE_STRIP = NO;
				DEBUG_INFORMATION_FORMAT = dwarf;
				ENABLE_STRICT_OBJC_MSGSEND = YES;
				ENABLE_TESTABILITY = YES;
				GCC_C_LANGUAGE_STANDARD = gnu11;
				GCC_DYNAMIC_NO_PIC = NO;
				GCC_NO_COMMON_BLOCKS = YES;
				GCC_OPTIMIZATION_LEVEL = 0;
				GCC_PREPROCESSOR_DEFINITIONS = (
					"DEBUG=1",
					"$(inherited)",
				);
				GCC_WARN_64_TO_32_BIT_CONVERSION = YES;
				GCC_WARN_ABOUT_RETURN_TYPE = YES_ERROR;
				GCC_WARN_UNDECLARED_SELECTOR = YES;
				GCC_WARN_UNINITIALIZED_AUTOS = YES_AGGRESSIVE;
				GCC_WARN_UNUSED_FUNCTION = YES;
				GCC_WARN_UNUSED_VARIABLE = YES;
				IPHONEOS_DEPLOYMENT_TARGET = 12.0;
				MTL_ENABLE_DEBUG_INFO = INCLUDE_SOURCE;
				MTL_FAST_MATH = YES;
				ONLY_ACTIVE_ARCH = YES;
				SDKROOT = iphoneos;
			};
			name = Debug;
		};
		F33150DD215C800600C92C3C /* Release */ = {
			isa = XCBuildConfiguration;
			buildSettings = {
				ALWAYS_SEARCH_USER_PATHS = NO;
				CLANG_ANALYZER_NONNULL = YES;
				CLANG_ANALYZER_NUMBER_OBJECT_CONVERSION = YES_AGGRESSIVE;
				CLANG_CXX_LANGUAGE_STANDARD = "gnu++14";
				CLANG_CXX_LIBRARY = "libc++";
				CLANG_ENABLE_MODULES = YES;
				CLANG_ENABLE_OBJC_ARC = YES;
				CLANG_ENABLE_OBJC_WEAK = YES;
				CLANG_WARN_BLOCK_CAPTURE_AUTORELEASING = YES;
				CLANG_WARN_BOOL_CONVERSION = YES;
				CLANG_WARN_COMMA = YES;
				CLANG_WARN_CONSTANT_CONVERSION = YES;
				CLANG_WARN_DEPRECATED_OBJC_IMPLEMENTATIONS = YES;
				CLANG_WARN_DIRECT_OBJC_ISA_USAGE = YES_ERROR;
				CLANG_WARN_DOCUMENTATION_COMMENTS = YES;
				CLANG_WARN_EMPTY_BODY = YES;
				CLANG_WARN_ENUM_CONVERSION = YES;
				CLANG_WARN_INFINITE_RECURSION = YES;
				CLANG_WARN_INT_CONVERSION = YES;
				CLANG_WARN_NON_LITERAL_NULL_CONVERSION = YES;
				CLANG_WARN_OBJC_IMPLICIT_RETAIN_SELF = YES;
				CLANG_WARN_OBJC_LITERAL_CONVERSION = YES;
				CLANG_WARN_OBJC_ROOT_CLASS = YES_ERROR;
				CLANG_WARN_RANGE_LOOP_ANALYSIS = YES;
				CLANG_WARN_STRICT_PROTOTYPES = YES;
				CLANG_WARN_SUSPICIOUS_MOVE = YES;
				CLANG_WARN_UNGUARDED_AVAILABILITY = YES_AGGRESSIVE;
				CLANG_WARN_UNREACHABLE_CODE = YES;
				CLANG_WARN__DUPLICATE_METHOD_MATCH = YES;
				CODE_SIGN_IDENTITY = "iPhone Developer";
				COPY_PHASE_STRIP = NO;
				DEBUG_INFORMATION_FORMAT = "dwarf-with-dsym";
				ENABLE_NS_ASSERTIONS = NO;
				ENABLE_STRICT_OBJC_MSGSEND = YES;
				GCC_C_LANGUAGE_STANDARD = gnu11;
				GCC_NO_COMMON_BLOCKS = YES;
				GCC_WARN_64_TO_32_BIT_CONVERSION = YES;
				GCC_WARN_ABOUT_RETURN_TYPE = YES_ERROR;
				GCC_WARN_UNDECLARED_SELECTOR = YES;
				GCC_WARN_UNINITIALIZED_AUTOS = YES_AGGRESSIVE;
				GCC_WARN_UNUSED_FUNCTION = YES;
				GCC_WARN_UNUSED_VARIABLE = YES;
				IPHONEOS_DEPLOYMENT_TARGET = 12.0;
				MTL_ENABLE_DEBUG_INFO = NO;
				MTL_FAST_MATH = YES;
				SDKROOT = iphoneos;
				VALIDATE_PRODUCT = YES;
			};
			name = Release;
		};
		F33150DF215C800600C92C3C /* Debug */ = {
			isa = XCBuildConfiguration;
			buildSettings = {
				ASSETCATALOG_COMPILER_APPICON_NAME = AppIcon;
				CODE_SIGN_STYLE = Automatic;
				DEVELOPMENT_TEAM = SK2SB88S9G;
				INFOPLIST_FILE = MainProject/Info.plist;
				IPHONEOS_DEPLOYMENT_TARGET = 9.0;
				LD_RUNPATH_SEARCH_PATHS = (
					"$(inherited)",
					"@executable_path/Frameworks",
				);
				PRODUCT_BUNDLE_IDENTIFIER = CwLife.MainProject;
				PRODUCT_NAME = "$(TARGET_NAME)";
				TARGETED_DEVICE_FAMILY = "1,2";
			};
			name = Debug;
		};
		F33150E0215C800600C92C3C /* Release */ = {
			isa = XCBuildConfiguration;
			buildSettings = {
				ASSETCATALOG_COMPILER_APPICON_NAME = AppIcon;
				CODE_SIGN_STYLE = Automatic;
				DEVELOPMENT_TEAM = SK2SB88S9G;
				INFOPLIST_FILE = MainProject/Info.plist;
				IPHONEOS_DEPLOYMENT_TARGET = 9.0;
				LD_RUNPATH_SEARCH_PATHS = (
					"$(inherited)",
					"@executable_path/Frameworks",
				);
				PRODUCT_BUNDLE_IDENTIFIER = CwLife.MainProject;
				PRODUCT_NAME = "$(TARGET_NAME)";
				TARGETED_DEVICE_FAMILY = "1,2";
			};
			name = Release;
		};
		F33150E2215C800600C92C3C /* Debug */ = {
			isa = XCBuildConfiguration;
			buildSettings = {
				BUNDLE_LOADER = "$(TEST_HOST)";
				CODE_SIGN_STYLE = Automatic;
				DEVELOPMENT_TEAM = SK2SB88S9G;
				INFOPLIST_FILE = MainProjectTests/Info.plist;
				LD_RUNPATH_SEARCH_PATHS = (
					"$(inherited)",
					"@executable_path/Frameworks",
					"@loader_path/Frameworks",
				);
				PRODUCT_BUNDLE_IDENTIFIER = CwLife.MainProjectTests;
				PRODUCT_NAME = "$(TARGET_NAME)";
				TARGETED_DEVICE_FAMILY = "1,2";
				TEST_HOST = "$(BUILT_PRODUCTS_DIR)/MainProject.app/MainProject";
			};
			name = Debug;
		};
		F33150E3215C800600C92C3C /* Release */ = {
			isa = XCBuildConfiguration;
			buildSettings = {
				BUNDLE_LOADER = "$(TEST_HOST)";
				CODE_SIGN_STYLE = Automatic;
				DEVELOPMENT_TEAM = SK2SB88S9G;
				INFOPLIST_FILE = MainProjectTests/Info.plist;
				LD_RUNPATH_SEARCH_PATHS = (
					"$(inherited)",
					"@executable_path/Frameworks",
					"@loader_path/Frameworks",
				);
				PRODUCT_BUNDLE_IDENTIFIER = CwLife.MainProjectTests;
				PRODUCT_NAME = "$(TARGET_NAME)";
				TARGETED_DEVICE_FAMILY = "1,2";
				TEST_HOST = "$(BUILT_PRODUCTS_DIR)/MainProject.app/MainProject";
			};
			name = Release;
		};
		F33150E5215C800600C92C3C /* Debug */ = {
			isa = XCBuildConfiguration;
			buildSettings = {
				CODE_SIGN_STYLE = Automatic;
				DEVELOPMENT_TEAM = SK2SB88S9G;
				INFOPLIST_FILE = MainProjectUITests/Info.plist;
				LD_RUNPATH_SEARCH_PATHS = (
					"$(inherited)",
					"@executable_path/Frameworks",
					"@loader_path/Frameworks",
				);
				PRODUCT_BUNDLE_IDENTIFIER = CwLife.MainProjectUITests;
				PRODUCT_NAME = "$(TARGET_NAME)";
				TARGETED_DEVICE_FAMILY = "1,2";
				TEST_TARGET_NAME = MainProject;
			};
			name = Debug;
		};
		F33150E6215C800600C92C3C /* Release */ = {
			isa = XCBuildConfiguration;
			buildSettings = {
				CODE_SIGN_STYLE = Automatic;
				DEVELOPMENT_TEAM = SK2SB88S9G;
				INFOPLIST_FILE = MainProjectUITests/Info.plist;
				LD_RUNPATH_SEARCH_PATHS = (
					"$(inherited)",
					"@executable_path/Frameworks",
					"@loader_path/Frameworks",
				);
				PRODUCT_BUNDLE_IDENTIFIER = CwLife.MainProjectUITests;
				PRODUCT_NAME = "$(TARGET_NAME)";
				TARGETED_DEVICE_FAMILY = "1,2";
				TEST_TARGET_NAME = MainProject;
			};
			name = Release;
		};
/* End XCBuildConfiguration section */

/* Begin XCConfigurationList section */
		F33150AD215C7FFD00C92C3C /* Build configuration list for PBXProject "MainProject" */ = {
			isa = XCConfigurationList;
			buildConfigurations = (
				F33150DC215C800600C92C3C /* Debug */,
				F33150DD215C800600C92C3C /* Release */,
			);
			defaultConfigurationIsVisible = 0;
			defaultConfigurationName = Release;
		};
		F33150DE215C800600C92C3C /* Build configuration list for PBXNativeTarget "MainProject" */ = {
			isa = XCConfigurationList;
			buildConfigurations = (
				F33150DF215C800600C92C3C /* Debug */,
				F33150E0215C800600C92C3C /* Release */,
			);
			defaultConfigurationIsVisible = 0;
			defaultConfigurationName = Release;
		};
		F33150E1215C800600C92C3C /* Build configuration list for PBXNativeTarget "MainProjectTests" */ = {
			isa = XCConfigurationList;
			buildConfigurations = (
				F33150E2215C800600C92C3C /* Debug */,
				F33150E3215C800600C92C3C /* Release */,
			);
			defaultConfigurationIsVisible = 0;
			defaultConfigurationName = Release;
		};
		F33150E4215C800600C92C3C /* Build configuration list for PBXNativeTarget "MainProjectUITests" */ = {
			isa = XCConfigurationList;
			buildConfigurations = (
				F33150E5215C800600C92C3C /* Debug */,
				F33150E6215C800600C92C3C /* Release */,
			);
			defaultConfigurationIsVisible = 0;
			defaultConfigurationName = Release;
		};
/* End XCConfigurationList section */
	};
	rootObject = F33150AA215C7FFD00C92C3C /* Project object */;
}
